
Microsoft Visual Studio Solution File, Format Version 12.00
# Visual Studio Version 16
VisualStudioVersion = 16.0.33214.272
MinimumVisualStudioVersion = 10.0.40219.1
Project("{9A19103F-16F7-4668-BE54-9A1E7A4F7556}") = "WebApplication1", "WebApplication1\WebApplication1.csproj", "{C18279A2-8411-43D5-9DC9-98755224BFF4}"
EndProject
Project("{FAE04EC0-301F-11D3-BF4B-00C04F79EFBC}") = "TestProject1", "TestProject1\TestProject1.csproj", "{2AE04F96-D42A-43E6-8667-9099E57C989A}"
EndProject
Global
	GlobalSection(SolutionConfigurationPlatforms) = preSolution
		Debug|Any CPU = Debug|Any CPU
		Release|Any CPU = Release|Any CPU
	EndGlobalSection
	GlobalSection(ProjectConfigurationPlatforms) = postSolution
		{C18279A2-8411-43D5-9DC9-98755224BFF4}.Debug|Any CPU.ActiveCfg = Debug|Any CPU
		{C18279A2-8411-43D5-9DC9-98755224BFF4}.Debug|Any CPU.Build.0 = Debug|Any CPU
		{C18279A2-8411-43D5-9DC9-98755224BFF4}.Release|Any CPU.ActiveCfg = Release|Any CPU
		{C18279A2-8411-43D5-9DC9-98755224BFF4}.Release|Any CPU.Build.0 = Release|Any CPU
		{2AE04F96-D42A-43E6-8667-9099E57C989A}.Debug|Any CPU.ActiveCfg = Debug|Any CPU
		{2AE04F96-D42A-43E6-8667-9099E57C989A}.Debug|Any CPU.Build.0 = Debug|Any CPU
		{2AE04F96-D42A-43E6-8667-9099E57C989A}.Release|Any CPU.ActiveCfg = Release|Any CPU
		{2AE04F96-D42A-43E6-8667-9099E57C989A}.Release|Any CPU.Build.0 = Release|Any CPU
	EndGlobalSection
	GlobalSection(SolutionProperties) = preSolution
		HideSolutionNode = FALSE
	EndGlobalSection
	GlobalSection(ExtensibilityGlobals) = postSolution
		SolutionGuid = {4AC52162-D8FF-4D60-AACB-5FE8F46C8824}
	EndGlobalSection
EndGlobal
